
Microsoft Visual Studio Solution File, Format Version 12.00
# Visual Studio 15
VisualStudioVersion = 15.0.26730.12
MinimumVisualStudioVersion = 10.0.40219.1
Project("{8BC9CEB8-8B4A-11D0-8D11-00A0C91BC942}") = "DVA336_Proj_Cuda", "DVA336_Proj_Cuda\DVA336_Proj_Cuda.vcxproj", "{A6182379-1FE0-4198-B6FB-143C17588FAD}"
EndProject
Global
	GlobalSection(SolutionConfigurationPlatforms) = preSolution
		Debug|x64 = Debug|x64
		Release|x64 = Release|x64
	EndGlobalSection
	GlobalSection(ProjectConfigurationPlatforms) = postSolution
		{A6182379-1FE0-4198-B6FB-143C17588FAD}.Debug|x64.ActiveCfg = Debug|x64
		{A6182379-1FE0-4198-B6FB-143C17588FAD}.Debug|x64.Build.0 = Debug|x64
		{A6182379-1FE0-4198-B6FB-143C17588FAD}.Release|x64.ActiveCfg = Release|x64
		{A6182379-1FE0-4198-B6FB-143C17588FAD}.Release|x64.Build.0 = Release|x64
	EndGlobalSection
	GlobalSection(SolutionProperties) = preSolution
		HideSolutionNode = FALSE
	EndGlobalSection
	GlobalSection(ExtensibilityGlobals) = postSolution
		SolutionGuid = {B8235037-849B-40EF-8F0A-D81E7569D516}
	EndGlobalSection
EndGlobal
